{
  "version": 4,
  "terraform_version": "1.2.8",
  "serial": 9,
  "lineage": "e7cf5a17-64de-c7b1-d591-6c858a4ba23b",
  "outputs": {},
  "resources": [
    {
      "mode": "managed",
      "type": "digitalocean_app",
      "name": "api_scheduler",
      "provider": "provider[\"registry.terraform.io/digitalocean/digitalocean\"]",
      "instances": [
        {
          "schema_version": 0,
          "attributes": {
            "active_deployment_id": "b53cc87c-7f1d-48a2-9df7-af82b22eb3b8",
            "created_at": "2022-09-04 02:37:08 +0000 UTC",
            "default_ingress": "https://api-sched-s94qd.ondigitalocean.app",
            "id": "d8ba57a5-3d54-47b1-85d6-e02aa35ecb70",
            "live_url": "https://api-sched-s94qd.ondigitalocean.app",
            "spec": [
              {
                "alert": [],
                "database": [],
                "domain": [],
                "domains": [],
                "env": [],
                "function": [],
                "job": [],
                "name": "api-sched",
                "region": "tor",
                "service": [
                  {
                    "alert": [],
                    "build_command": "",
                    "cors": [],
                    "dockerfile_path": "Dockerfile",
                    "env": [],
                    "environment_slug": "",
                    "git": [],
                    "github": [
                      {
                        "branch": "master",
                        "deploy_on_push": true,
                        "repo": "alexjslessor/api_scheduler"
                      }
                    ],
                    "gitlab": [],
                    "health_check": [],
                    "http_port": 5000,
                    "image": [],
                    "instance_count": 1,
                    "instance_size_slug": "basic-xxs",
                    "internal_ports": null,
                    "log_destination": [],
                    "name": "scheduler",
                    "routes": [
                      {
                        "path": "/",
                        "preserve_path_prefix": false
                      }
                    ],
                    "run_command": "",
                    "source_dir": ""
                  }
                ],
                "static_site": [],
                "worker": []
              }
            ],
            "timeouts": null,
            "updated_at": "2022-09-04 02:39:11 +0000 UTC",
            "urn": "do:app:d8ba57a5-3d54-47b1-85d6-e02aa35ecb70"
          },
          "sensitive_attributes": [],
          "private": "eyJlMmJmYjczMC1lY2FhLTExZTYtOGY4OC0zNDM2M2JjN2M0YzAiOnsiY3JlYXRlIjoxODAwMDAwMDAwMDAwfX0="
        }
      ]
    }
  ]
}
