{
  "version": 4,
  "terraform_version": "1.2.8",
  "serial": 3,
  "lineage": "e7cf5a17-64de-c7b1-d591-6c858a4ba23b",
  "outputs": {},
  "resources": [
    {
      "mode": "data",
      "type": "digitalocean_ssh_key",
      "name": "ssh_key",
      "provider": "provider[\"registry.terraform.io/digitalocean/digitalocean\"]",
      "instances": [
        {
          "schema_version": 0,
          "attributes": {
            "fingerprint": "7d:ab:6f:a9:92:01:0e:ad:1a:48:de:2c:87:ee:5e:10",
            "id": 36107946,
            "name": "lenovo_dgo_sept13",
            "public_key": "ssh-rsa AAAAB3NzaC1yc2EAAAADAQABAAABgQC4z2fqVpwLXJmOUKDILUCDdTWYzXMnwxBaVgfuOernDnAreOdeYV/sgOB6eH5GVXn7+FwtFpcRqAFpvEB66GuUV1LLtbo9AWDcXXdXqN5mJyYnQk5zPV2hVp6N4JX1neXuw516DYN2yWaVdnO4gZNAMvZRJhz1uBlQkpyjpaT4Qm2HFmsqS5RnttcmrVBuyYS85uzi4SBYd2O6RLiNz3qpn3xwZ3lQsN/lGdgvbPMliAt8x7gJxu8dldaFXdLRr2ttxwPWOx/cQ9BXVOQy7BfrqsiBfziuugERW65LWYbuDttdio6AagfTSX5mv0UJSmIkgFg2zdUZeRVFW+Oh5xcXWuFln4TyXFNl04F1t7phOGKIbjeWapGkbLXRlBmDe+kh3YdX3Kgycf0o6hLF/yQUGndLalJ7ZfCDG8nB1uiNuQHis7M0w1d8nap8WpwqB5jbasdqJc3NKEwDs4mSRne+TqXXrs7UbmH4NqWcVqk1OnSgV7O3kZOlA9Hja98e2jU= hauwei@hauwei"
          },
          "sensitive_attributes": []
        }
      ]
    },
    {
      "mode": "data",
      "type": "external",
      "name": "droplet_name",
      "provider": "provider[\"registry.terraform.io/hashicorp/external\"]",
      "instances": [
        {
          "schema_version": 0,
          "attributes": {
            "id": "-",
            "program": [
              "python3",
              "./external/name-generator.py"
            ],
            "query": null,
            "result": {
              "name": "web-1662224284"
            },
            "working_dir": null
          },
          "sensitive_attributes": []
        }
      ]
    },
    {
      "mode": "managed",
      "type": "digitalocean_droplet",
      "name": "web",
      "provider": "provider[\"registry.terraform.io/digitalocean/digitalocean\"]",
      "instances": [
        {
          "schema_version": 1,
          "attributes": {
            "backups": false,
            "created_at": "2022-09-03T16:58:24Z",
            "disk": 25,
            "droplet_agent": null,
            "graceful_shutdown": false,
            "id": "315217964",
            "image": "ubuntu-20-04-x64",
            "ipv4_address": "164.92.193.73",
            "ipv4_address_private": "10.114.0.2",
            "ipv6": false,
            "ipv6_address": "",
            "locked": false,
            "memory": 1024,
            "monitoring": false,
            "name": "web-1662224284",
            "price_hourly": 0.00893,
            "price_monthly": 6,
            "private_networking": true,
            "region": "fra1",
            "resize_disk": true,
            "size": "s-1vcpu-1gb",
            "ssh_keys": [
              "36107946"
            ],
            "status": "active",
            "tags": null,
            "timeouts": null,
            "urn": "do:droplet:315217964",
            "user_data": null,
            "vcpus": 1,
            "volume_ids": [],
            "vpc_uuid": "c93feadd-9fbf-46bb-b003-927e7a9c6eda"
          },
          "sensitive_attributes": [],
          "private": "eyJlMmJmYjczMC1lY2FhLTExZTYtOGY4OC0zNDM2M2JjN2M0YzAiOnsiY3JlYXRlIjozNjAwMDAwMDAwMDAwLCJkZWxldGUiOjYwMDAwMDAwMDAwLCJ1cGRhdGUiOjM2MDAwMDAwMDAwMDB9LCJzY2hlbWFfdmVyc2lvbiI6IjEifQ==",
          "dependencies": [
            "data.digitalocean_ssh_key.ssh_key",
            "data.external.droplet_name"
          ]
        }
      ]
    }
  ]
}
